{
  "name": "AlugueQuadras",
  "lockfileVersion": 3,
  "requires": true,
  "packages": {
    "": {
      "dependencies": {
        "class-transformer": "^0.5.1",
        "class-validator": "^0.14.1"
      }
    },
    "node_modules/@types/validator": {
      "version": "13.12.1",
      "resolved": "https://registry.npmjs.org/@types/validator/-/validator-13.12.1.tgz",
      "integrity": "sha512-w0URwf7BQb0rD/EuiG12KP0bailHKHP5YVviJG9zw3ykAokL0TuxU2TUqMB7EwZ59bDHYdeTIvjI5m0S7qHfOA==",
      "license": "MIT"
    },
    "node_modules/class-transformer": {
      "version": "0.5.1",
      "resolved": "https://registry.npmjs.org/class-transformer/-/class-transformer-0.5.1.tgz",
      "integrity": "sha512-SQa1Ws6hUbfC98vKGxZH3KFY0Y1lm5Zm0SY8XX9zbK7FJCyVEac3ATW0RIpwzW+oOfmHE5PMPufDG9hCfoEOMw==",
      "license": "MIT"
    },
    "node_modules/class-validator": {
      "version": "0.14.1",
      "resolved": "https://registry.npmjs.org/class-validator/-/class-validator-0.14.1.tgz",
      "integrity": "sha512-2VEG9JICxIqTpoK1eMzZqaV+u/EiwEJkMGzTrZf6sU/fwsnOITVgYJ8yojSy6CaXtO9V0Cc6ZQZ8h8m4UBuLwQ==",
      "license": "MIT",
      "dependencies": {
        "@types/validator": "^13.11.8",
        "libphonenumber-js": "^1.10.53",
        "validator": "^13.9.0"
      }
    },
    "node_modules/libphonenumber-js": {
      "version": "1.11.7",
      "resolved": "https://registry.npmjs.org/libphonenumber-js/-/libphonenumber-js-1.11.7.tgz",
      "integrity": "sha512-x2xON4/Qg2bRIS11KIN9yCNYUjhtiEjNyptjX0mX+pyKHecxuJVLIpfX1lq9ZD6CrC/rB+y4GBi18c6CEcUR+A==",
      "license": "MIT"
    },
    "node_modules/validator": {
      "version": "13.12.0",
      "resolved": "https://registry.npmjs.org/validator/-/validator-13.12.0.tgz",
      "integrity": "sha512-c1Q0mCiPlgdTVVVIJIrBuxNicYE+t/7oKeI9MWLj3fh/uq2Pxh/3eeWbVZ4OcGW1TUf53At0njHw5SMdA3tmMg==",
      "license": "MIT",
      "engines": {
        "node": ">= 0.10"
      }
    }
  }
}
